// !$*UTF8*$!
{
	archiveVersion = 1;
	classes = {
	};
	objectVersion = 46;
	objects = {

/* Begin PBXBuildFile section */
		6B0E96FB1B2A1AB90010B73C /* AppDelegate.swift in Sources */ = {isa = PBXBuildFile; fileRef = 6B0E96FA1B2A1AB90010B73C /* AppDelegate.swift */; };
		6B0E96FD1B2A1AB90010B73C /* ViewController.swift in Sources */ = {isa = PBXBuildFile; fileRef = 6B0E96FC1B2A1AB90010B73C /* ViewController.swift */; };
		6B0E97001B2A1AB90010B73C /* Main.storyboard in Resources */ = {isa = PBXBuildFile; fileRef = 6B0E96FE1B2A1AB90010B73C /* Main.storyboard */; };
		6B0E97021B2A1AB90010B73C /* Images.xcassets in Resources */ = {isa = PBXBuildFile; fileRef = 6B0E97011B2A1AB90010B73C /* Images.xcassets */; };
		6B0E97051B2A1AB90010B73C /* LaunchScreen.xib in Resources */ = {isa = PBXBuildFile; fileRef = 6B0E97031B2A1AB90010B73C /* LaunchScreen.xib */; };
		6B0E97111B2A1AB90010B73C /* Exploded_circleTests.swift in Sources */ = {isa = PBXBuildFile; fileRef = 6B0E97101B2A1AB90010B73C /* Exploded_circleTests.swift */; };
		6B0E97221B2A8E520010B73C /* Common.swift in Sources */ = {isa = PBXBuildFile; fileRef = 6B0E97211B2A8E520010B73C /* Common.swift */; };
		6B0E97241B2A8E5B0010B73C /* pop.wav in Resources */ = {isa = PBXBuildFile; fileRef = 6B0E97231B2A8E5B0010B73C /* pop.wav */; };
/* End PBXBuildFile section */

/* Begin PBXContainerItemProxy section */
		6B0E970B1B2A1AB90010B73C /* PBXContainerItemProxy */ = {
			isa = PBXContainerItemProxy;
			containerPortal = 6B0E96ED1B2A1AB90010B73C /* Project object */;
			proxyType = 1;
			remoteGlobalIDString = 6B0E96F41B2A1AB90010B73C;
			remoteInfo = "Exploded circle";
		};
/* End PBXContainerItemProxy section */

/* Begin PBXFileReference section */
		6B0E96F51B2A1AB90010B73C /* Exploded circle.app */ = {isa = PBXFileReference; explicitFileType = wrapper.application; includeInIndex = 0; path = "Exploded circle.app"; sourceTree = BUILT_PRODUCTS_DIR; };
		6B0E96F91B2A1AB90010B73C /* Info.plist */ = {isa = PBXFileReference; lastKnownFileType = text.plist.xml; path = Info.plist; sourceTree = "<group>"; };
		6B0E96FA1B2A1AB90010B73C /* AppDelegate.swift */ = {isa = PBXFileReference; lastKnownFileType = sourcecode.swift; path = AppDelegate.swift; sourceTree = "<group>"; };
		6B0E96FC1B2A1AB90010B73C /* ViewController.swift */ = {isa = PBXFileReference; lastKnownFileType = sourcecode.swift; path = ViewController.swift; sourceTree = "<group>"; };
		6B0E96FF1B2A1AB90010B73C /* Base */ = {isa = PBXFileReference; lastKnownFileType = file.storyboard; name = Base; path = Base.lproj/Main.storyboard; sourceTree = "<group>"; };
		6B0E97011B2A1AB90010B73C /* Images.xcassets */ = {isa = PBXFileReference; lastKnownFileType = folder.assetcatalog; path = Images.xcassets; sourceTree = "<group>"; };
		6B0E97041B2A1AB90010B73C /* Base */ = {isa = PBXFileReference; lastKnownFileType = file.xib; name = Base; path = Base.lproj/LaunchScreen.xib; sourceTree = "<group>"; };
		6B0E970A1B2A1AB90010B73C /* Exploded circleTests.xctest */ = {isa = PBXFileReference; explicitFileType = wrapper.cfbundle; includeInIndex = 0; path = "Exploded circleTests.xctest"; sourceTree = BUILT_PRODUCTS_DIR; };
		6B0E970F1B2A1AB90010B73C /* Info.plist */ = {isa = PBXFileReference; lastKnownFileType = text.plist.xml; path = Info.plist; sourceTree = "<group>"; };
		6B0E97101B2A1AB90010B73C /* Exploded_circleTests.swift */ = {isa = PBXFileReference; lastKnownFileType = sourcecode.swift; path = Exploded_circleTests.swift; sourceTree = "<group>"; };
		6B0E97211B2A8E520010B73C /* Common.swift */ = {isa = PBXFileReference; fileEncoding = 4; lastKnownFileType = sourcecode.swift; name = Common.swift; path = ../../../../Downloads/Common.swift; sourceTree = "<group>"; };
		6B0E97231B2A8E5B0010B73C /* pop.wav */ = {isa = PBXFileReference; lastKnownFileType = audio.wav; name = pop.wav; path = ../../../../Downloads/pop.wav; sourceTree = "<group>"; };
/* End PBXFileReference section */

/* Begin PBXFrameworksBuildPhase section */
		6B0E96F21B2A1AB90010B73C /* Frameworks */ = {
			isa = PBXFrameworksBuildPhase;
			buildActionMask = 2147483647;
			files = (
			);
			runOnlyForDeploymentPostprocessing = 0;
		};
		6B0E97071B2A1AB90010B73C /* Frameworks */ = {
			isa = PBXFrameworksBuildPhase;
			buildActionMask = 2147483647;
			files = (
			);
			runOnlyForDeploymentPostprocessing = 0;
		};
/* End PBXFrameworksBuildPhase section */

/* Begin PBXGroup section */
		6B0E96EC1B2A1AB90010B73C = {
			isa = PBXGroup;
			children = (
				6B0E96F71B2A1AB90010B73C /* Exploded circle */,
				6B0E970D1B2A1AB90010B73C /* Exploded circleTests */,
				6B0E96F61B2A1AB90010B73C /* Products */,
			);
			sourceTree = "<group>";
		};
		6B0E96F61B2A1AB90010B73C /* Products */ = {
			isa = PBXGroup;
			children = (
				6B0E96F51B2A1AB90010B73C /* Exploded circle.app */,
				6B0E970A1B2A1AB90010B73C /* Exploded circleTests.xctest */,
			);
			name = Products;
			sourceTree = "<group>";
		};
		6B0E96F71B2A1AB90010B73C /* Exploded circle */ = {
			isa = PBXGroup;
			children = (
				6B0E96FA1B2A1AB90010B73C /* AppDelegate.swift */,
				6B0E96FC1B2A1AB90010B73C /* ViewController.swift */,
				6B0E96FE1B2A1AB90010B73C /* Main.storyboard */,
				6B0E97011B2A1AB90010B73C /* Images.xcassets */,
				6B0E97231B2A8E5B0010B73C /* pop.wav */,
				6B0E97031B2A1AB90010B73C /* LaunchScreen.xib */,
				6B0E97211B2A8E520010B73C /* Common.swift */,
				6B0E96F81B2A1AB90010B73C /* Supporting Files */,
			);
			path = "Exploded circle";
			sourceTree = "<group>";
		};
		6B0E96F81B2A1AB90010B73C /* Supporting Files */ = {
			isa = PBXGroup;
			children = (
				6B0E96F91B2A1AB90010B73C /* Info.plist */,
			);
			name = "Supporting Files";
			sourceTree = "<group>";
		};
		6B0E970D1B2A1AB90010B73C /* Exploded circleTests */ = {
			isa = PBXGroup;
			children = (
				6B0E97101B2A1AB90010B73C /* Exploded_circleTests.swift */,
				6B0E970E1B2A1AB90010B73C /* Supporting Files */,
			);
			path = "Exploded circleTests";
			sourceTree = "<group>";
		};
		6B0E970E1B2A1AB90010B73C /* Supporting Files */ = {
			isa = PBXGroup;
			children = (
				6B0E970F1B2A1AB90010B73C /* Info.plist */,
			);
			name = "Supporting Files";
			sourceTree = "<group>";
		};
/* End PBXGroup section */

/* Begin PBXNativeTarget section */
		6B0E96F41B2A1AB90010B73C /* Exploded circle */ = {
			isa = PBXNativeTarget;
			buildConfigurationList = 6B0E97141B2A1AB90010B73C /* Build configuration list for PBXNativeTarget "Exploded circle" */;
			buildPhases = (
				6B0E96F11B2A1AB90010B73C /* Sources */,
				6B0E96F21B2A1AB90010B73C /* Frameworks */,
				6B0E96F31B2A1AB90010B73C /* Resources */,
			);
			buildRules = (
			);
			dependencies = (
			);
			name = "Exploded circle";
			productName = "Exploded circle";
			productReference = 6B0E96F51B2A1AB90010B73C /* Exploded circle.app */;
			productType = "com.apple.product-type.application";
		};
		6B0E97091B2A1AB90010B73C /* Exploded circleTests */ = {
			isa = PBXNativeTarget;
			buildConfigurationList = 6B0E97171B2A1AB90010B73C /* Build configuration list for PBXNativeTarget "Exploded circleTests" */;
			buildPhases = (
				6B0E97061B2A1AB90010B73C /* Sources */,
				6B0E97071B2A1AB90010B73C /* Frameworks */,
				6B0E97081B2A1AB90010B73C /* Resources */,
			);
			buildRules = (
			);
			dependencies = (
				6B0E970C1B2A1AB90010B73C /* PBXTargetDependency */,
			);
			name = "Exploded circleTests";
			productName = "Exploded circleTests";
			productReference = 6B0E970A1B2A1AB90010B73C /* Exploded circleTests.xctest */;
			productType = "com.apple.product-type.bundle.unit-test";
		};
/* End PBXNativeTarget section */

/* Begin PBXProject section */
		6B0E96ED1B2A1AB90010B73C /* Project object */ = {
			isa = PBXProject;
			attributes = {
				LastUpgradeCheck = 0630;
				ORGANIZATIONNAME = codepath;
				TargetAttributes = {
					6B0E96F41B2A1AB90010B73C = {
						CreatedOnToolsVersion = 6.3.1;
					};
					6B0E97091B2A1AB90010B73C = {
						CreatedOnToolsVersion = 6.3.1;
						TestTargetID = 6B0E96F41B2A1AB90010B73C;
					};
				};
			};
			buildConfigurationList = 6B0E96F01B2A1AB90010B73C /* Build configuration list for PBXProject "Exploded circle" */;
			compatibilityVersion = "Xcode 3.2";
			developmentRegion = English;
			hasScannedForEncodings = 0;
			knownRegions = (
				en,
				Base,
			);
			mainGroup = 6B0E96EC1B2A1AB90010B73C;
			productRefGroup = 6B0E96F61B2A1AB90010B73C /* Products */;
			projectDirPath = "";
			projectRoot = "";
			targets = (
				6B0E96F41B2A1AB90010B73C /* Exploded circle */,
				6B0E97091B2A1AB90010B73C /* Exploded circleTests */,
			);
		};
/* End PBXProject section */

/* Begin PBXResourcesBuildPhase section */
		6B0E96F31B2A1AB90010B73C /* Resources */ = {
			isa = PBXResourcesBuildPhase;
			buildActionMask = 2147483647;
			files = (
				6B0E97001B2A1AB90010B73C /* Main.storyboard in Resources */,
				6B0E97241B2A8E5B0010B73C /* pop.wav in Resources */,
				6B0E97051B2A1AB90010B73C /* LaunchScreen.xib in Resources */,
				6B0E97021B2A1AB90010B73C /* Images.xcassets in Resources */,
			);
			runOnlyForDeploymentPostprocessing = 0;
		};
		6B0E97081B2A1AB90010B73C /* Resources */ = {
			isa = PBXResourcesBuildPhase;
			buildActionMask = 2147483647;
			files = (
			);
			runOnlyForDeploymentPostprocessing = 0;
		};
/* End PBXResourcesBuildPhase section */

/* Begin PBXSourcesBuildPhase section */
		6B0E96F11B2A1AB90010B73C /* Sources */ = {
			isa = PBXSourcesBuildPhase;
			buildActionMask = 2147483647;
			files = (
				6B0E97221B2A8E520010B73C /* Common.swift in Sources */,
				6B0E96FD1B2A1AB90010B73C /* ViewController.swift in Sources */,
				6B0E96FB1B2A1AB90010B73C /* AppDelegate.swift in Sources */,
			);
			runOnlyForDeploymentPostprocessing = 0;
		};
		6B0E97061B2A1AB90010B73C /* Sources */ = {
			isa = PBXSourcesBuildPhase;
			buildActionMask = 2147483647;
			files = (
				6B0E97111B2A1AB90010B73C /* Exploded_circleTests.swift in Sources */,
			);
			runOnlyForDeploymentPostprocessing = 0;
		};
/* End PBXSourcesBuildPhase section */

/* Begin PBXTargetDependency section */
		6B0E970C1B2A1AB90010B73C /* PBXTargetDependency */ = {
			isa = PBXTargetDependency;
			target = 6B0E96F41B2A1AB90010B73C /* Exploded circle */;
			targetProxy = 6B0E970B1B2A1AB90010B73C /* PBXContainerItemProxy */;
		};
/* End PBXTargetDependency section */

/* Begin PBXVariantGroup section */
		6B0E96FE1B2A1AB90010B73C /* Main.storyboard */ = {
			isa = PBXVariantGroup;
			children = (
				6B0E96FF1B2A1AB90010B73C /* Base */,
			);
			name = Main.storyboard;
			sourceTree = "<group>";
		};
		6B0E97031B2A1AB90010B73C /* LaunchScreen.xib */ = {
			isa = PBXVariantGroup;
			children = (
				6B0E97041B2A1AB90010B73C /* Base */,
			);
			name = LaunchScreen.xib;
			sourceTree = "<group>";
		};
/* End PBXVariantGroup section */

/* Begin XCBuildConfiguration section */
		6B0E97121B2A1AB90010B73C /* Debug */ = {
			isa = XCBuildConfiguration;
			buildSettings = {
				ALWAYS_SEARCH_USER_PATHS = NO;
				CLANG_CXX_LANGUAGE_STANDARD = "gnu++0x";
				CLANG_CXX_LIBRARY = "libc++";
				CLANG_ENABLE_MODULES = YES;
				CLANG_ENABLE_OBJC_ARC = YES;
				CLANG_WARN_BOOL_CONVERSION = YES;
				CLANG_WARN_CONSTANT_CONVERSION = YES;
				CLANG_WARN_DIRECT_OBJC_ISA_USAGE = YES_ERROR;
				CLANG_WARN_EMPTY_BODY = YES;
				CLANG_WARN_ENUM_CONVERSION = YES;
				CLANG_WARN_INT_CONVERSION = YES;
				CLANG_WARN_OBJC_ROOT_CLASS = YES_ERROR;
				CLANG_WARN_UNREACHABLE_CODE = YES;
				CLANG_WARN__DUPLICATE_METHOD_MATCH = YES;
				"CODE_SIGN_IDENTITY[sdk=iphoneos*]" = "iPhone Developer";
				COPY_PHASE_STRIP = NO;
				DEBUG_INFORMATION_FORMAT = "dwarf-with-dsym";
				ENABLE_STRICT_OBJC_MSGSEND = YES;
				GCC_C_LANGUAGE_STANDARD = gnu99;
				GCC_DYNAMIC_NO_PIC = NO;
				GCC_NO_COMMON_BLOCKS = YES;
				GCC_OPTIMIZATION_LEVEL = 0;
				GCC_PREPROCESSOR_DEFINITIONS = (
					"DEBUG=1",
					"$(inherited)",
				);
				GCC_SYMBOLS_PRIVATE_EXTERN = NO;
				GCC_WARN_64_TO_32_BIT_CONVERSION = YES;
				GCC_WARN_ABOUT_RETURN_TYPE = YES_ERROR;
				GCC_WARN_UNDECLARED_SELECTOR = YES;
				GCC_WARN_UNINITIALIZED_AUTOS = YES_AGGRESSIVE;
				GCC_WARN_UNUSED_FUNCTION = YES;
				GCC_WARN_UNUSED_VARIABLE = YES;
				IPHONEOS_DEPLOYMENT_TARGET = 8.3;
				MTL_ENABLE_DEBUG_INFO = YES;
				ONLY_ACTIVE_ARCH = YES;
				SDKROOT = iphoneos;
				SWIFT_OPTIMIZATION_LEVEL = "-Onone";
			};
			name = Debug;
		};
		6B0E97131B2A1AB90010B73C /* Release */ = {
			isa = XCBuildConfiguration;
			buildSettings = {
				ALWAYS_SEARCH_USER_PATHS = NO;
				CLANG_CXX_LANGUAGE_STANDARD = "gnu++0x";
				CLANG_CXX_LIBRARY = "libc++";
				CLANG_ENABLE_MODULES = YES;
				CLANG_ENABLE_OBJC_ARC = YES;
				CLANG_WARN_BOOL_CONVERSION = YES;
				CLANG_WARN_CONSTANT_CONVERSION = YES;
				CLANG_WARN_DIRECT_OBJC_ISA_USAGE = YES_ERROR;
				CLANG_WARN_EMPTY_BODY = YES;
				CLANG_WARN_ENUM_CONVERSION = YES;
				CLANG_WARN_INT_CONVERSION = YES;
				CLANG_WARN_OBJC_ROOT_CLASS = YES_ERROR;
				CLANG_WARN_UNREACHABLE_CODE = YES;
				CLANG_WARN__DUPLICATE_METHOD_MATCH = YES;
				"CODE_SIGN_IDENTITY[sdk=iphoneos*]" = "iPhone Developer";
				COPY_PHASE_STRIP = NO;
				DEBUG_INFORMATION_FORMAT = "dwarf-with-dsym";
				ENABLE_NS_ASSERTIONS = NO;
				ENABLE_STRICT_OBJC_MSGSEND = YES;
				GCC_C_LANGUAGE_STANDARD = gnu99;
				GCC_NO_COMMON_BLOCKS = YES;
				GCC_WARN_64_TO_32_BIT_CONVERSION = YES;
				GCC_WARN_ABOUT_RETURN_TYPE = YES_ERROR;
				GCC_WARN_UNDECLARED_SELECTOR = YES;
				GCC_WARN_UNINITIALIZED_AUTOS = YES_AGGRESSIVE;
				GCC_WARN_UNUSED_FUNCTION = YES;
				GCC_WARN_UNUSED_VARIABLE = YES;
				IPHONEOS_DEPLOYMENT_TARGET = 8.3;
				MTL_ENABLE_DEBUG_INFO = NO;
				SDKROOT = iphoneos;
				VALIDATE_PRODUCT = YES;
			};
			name = Release;
		};
		6B0E97151B2A1AB90010B73C /* Debug */ = {
			isa = XCBuildConfiguration;
			buildSettings = {
				ASSETCATALOG_COMPILER_APPICON_NAME = AppIcon;
				INFOPLIST_FILE = "Exploded circle/Info.plist";
				LD_RUNPATH_SEARCH_PATHS = "$(inherited) @executable_path/Frameworks";
				PRODUCT_NAME = "$(TARGET_NAME)";
			};
			name = Debug;
		};
		6B0E97161B2A1AB90010B73C /* Release */ = {
			isa = XCBuildConfiguration;
			buildSettings = {
				ASSETCATALOG_COMPILER_APPICON_NAME = AppIcon;
				INFOPLIST_FILE = "Exploded circle/Info.plist";
				LD_RUNPATH_SEARCH_PATHS = "$(inherited) @executable_path/Frameworks";
				PRODUCT_NAME = "$(TARGET_NAME)";
			};
			name = Release;
		};
		6B0E97181B2A1AB90010B73C /* Debug */ = {
			isa = XCBuildConfiguration;
			buildSettings = {
				BUNDLE_LOADER = "$(TEST_HOST)";
				FRAMEWORK_SEARCH_PATHS = (
					"$(SDKROOT)/Developer/Library/Frameworks",
					"$(inherited)",
				);
				GCC_PREPROCESSOR_DEFINITIONS = (
					"DEBUG=1",
					"$(inherited)",
				);
				INFOPLIST_FILE = "Exploded circleTests/Info.plist";
				LD_RUNPATH_SEARCH_PATHS = "$(inherited) @executable_path/Frameworks @loader_path/Frameworks";
				PRODUCT_NAME = "$(TARGET_NAME)";
				TEST_HOST = "$(BUILT_PRODUCTS_DIR)/Exploded circle.app/Exploded circle";
			};
			name = Debug;
		};
		6B0E97191B2A1AB90010B73C /* Release */ = {
			isa = XCBuildConfiguration;
			buildSettings = {
				BUNDLE_LOADER = "$(TEST_HOST)";
				FRAMEWORK_SEARCH_PATHS = (
					"$(SDKROOT)/Developer/Library/Frameworks",
					"$(inherited)",
				);
				INFOPLIST_FILE = "Exploded circleTests/Info.plist";
				LD_RUNPATH_SEARCH_PATHS = "$(inherited) @executable_path/Frameworks @loader_path/Frameworks";
				PRODUCT_NAME = "$(TARGET_NAME)";
				TEST_HOST = "$(BUILT_PRODUCTS_DIR)/Exploded circle.app/Exploded circle";
			};
			name = Release;
		};
/* End XCBuildConfiguration section */

/* Begin XCConfigurationList section */
		6B0E96F01B2A1AB90010B73C /* Build configuration list for PBXProject "Exploded circle" */ = {
			isa = XCConfigurationList;
			buildConfigurations = (
				6B0E97121B2A1AB90010B73C /* Debug */,
				6B0E97131B2A1AB90010B73C /* Release */,
			);
			defaultConfigurationIsVisible = 0;
			defaultConfigurationName = Release;
		};
		6B0E97141B2A1AB90010B73C /* Build configuration list for PBXNativeTarget "Exploded circle" */ = {
			isa = XCConfigurationList;
			buildConfigurations = (
				6B0E97151B2A1AB90010B73C /* Debug */,
				6B0E97161B2A1AB90010B73C /* Release */,
			);
			defaultConfigurationIsVisible = 0;
			defaultConfigurationName = Release;
		};
		6B0E97171B2A1AB90010B73C /* Build configuration list for PBXNativeTarget "Exploded circleTests" */ = {
			isa = XCConfigurationList;
			buildConfigurations = (
				6B0E97181B2A1AB90010B73C /* Debug */,
				6B0E97191B2A1AB90010B73C /* Release */,
			);
			defaultConfigurationIsVisible = 0;
			defaultConfigurationName = Release;
		};
/* End XCConfigurationList section */
	};
	rootObject = 6B0E96ED1B2A1AB90010B73C /* Project object */;
}
